
Microsoft Visual Studio Solution File, Format Version 12.00
# Visual Studio Version 16
VisualStudioVersion = 16.0.30011.22
MinimumVisualStudioVersion = 10.0.40219.1
Project("{FAE04EC0-301F-11D3-BF4B-00C04F79EFBC}") = "BookStroeAppBackEnd", "BookStroeAppBackEnd\BookStroeAppBackEnd.csproj", "{F9F0C3C6-CA46-47DA-8335-E7354B1D73EC}"
EndProject
Project("{FAE04EC0-301F-11D3-BF4B-00C04F79EFBC}") = "Model", "Model\Model.csproj", "{D3304699-A515-4F03-8A27-35112D9FB33C}"
EndProject
Project("{FAE04EC0-301F-11D3-BF4B-00C04F79EFBC}") = "Repository", "Repository\Repository.csproj", "{2DD76F5B-59F8-4A45-BC7A-A3103E31AE68}"
EndProject
Project("{FAE04EC0-301F-11D3-BF4B-00C04F79EFBC}") = "Manager", "Manager\Manager.csproj", "{70617C54-4120-4433-A743-F1FDFC212073}"
EndProject
Global
	GlobalSection(SolutionConfigurationPlatforms) = preSolution
		Debug|Any CPU = Debug|Any CPU
		Release|Any CPU = Release|Any CPU
	EndGlobalSection
	GlobalSection(ProjectConfigurationPlatforms) = postSolution
		{F9F0C3C6-CA46-47DA-8335-E7354B1D73EC}.Debug|Any CPU.ActiveCfg = Debug|Any CPU
		{F9F0C3C6-CA46-47DA-8335-E7354B1D73EC}.Debug|Any CPU.Build.0 = Debug|Any CPU
		{F9F0C3C6-CA46-47DA-8335-E7354B1D73EC}.Release|Any CPU.ActiveCfg = Release|Any CPU
		{F9F0C3C6-CA46-47DA-8335-E7354B1D73EC}.Release|Any CPU.Build.0 = Release|Any CPU
		{D3304699-A515-4F03-8A27-35112D9FB33C}.Debug|Any CPU.ActiveCfg = Debug|Any CPU
		{D3304699-A515-4F03-8A27-35112D9FB33C}.Debug|Any CPU.Build.0 = Debug|Any CPU
		{D3304699-A515-4F03-8A27-35112D9FB33C}.Release|Any CPU.ActiveCfg = Release|Any CPU
		{D3304699-A515-4F03-8A27-35112D9FB33C}.Release|Any CPU.Build.0 = Release|Any CPU
		{2DD76F5B-59F8-4A45-BC7A-A3103E31AE68}.Debug|Any CPU.ActiveCfg = Debug|Any CPU
		{2DD76F5B-59F8-4A45-BC7A-A3103E31AE68}.Debug|Any CPU.Build.0 = Debug|Any CPU
		{2DD76F5B-59F8-4A45-BC7A-A3103E31AE68}.Release|Any CPU.ActiveCfg = Release|Any CPU
		{2DD76F5B-59F8-4A45-BC7A-A3103E31AE68}.Release|Any CPU.Build.0 = Release|Any CPU
		{70617C54-4120-4433-A743-F1FDFC212073}.Debug|Any CPU.ActiveCfg = Debug|Any CPU
		{70617C54-4120-4433-A743-F1FDFC212073}.Debug|Any CPU.Build.0 = Debug|Any CPU
		{70617C54-4120-4433-A743-F1FDFC212073}.Release|Any CPU.ActiveCfg = Release|Any CPU
		{70617C54-4120-4433-A743-F1FDFC212073}.Release|Any CPU.Build.0 = Release|Any CPU
	EndGlobalSection
	GlobalSection(SolutionProperties) = preSolution
		HideSolutionNode = FALSE
	EndGlobalSection
	GlobalSection(ExtensibilityGlobals) = postSolution
		SolutionGuid = {F6E6B601-978E-43B0-B8F3-5FDA76ED26EC}
	EndGlobalSection
EndGlobal
